// !$*UTF8*$!
{
	archiveVersion = 1;
	classes = {
	};
	objectVersion = 50;
	objects = {

/* Begin PBXBuildFile section */
		FAF6478223E1C96E006C12B7 /* AppDelegate.swift in Sources */ = {isa = PBXBuildFile; fileRef = FAF6478123E1C96E006C12B7 /* AppDelegate.swift */; };
		FAF6478423E1C96E006C12B7 /* SceneDelegate.swift in Sources */ = {isa = PBXBuildFile; fileRef = FAF6478323E1C96E006C12B7 /* SceneDelegate.swift */; };
		FAF6478623E1C96E006C12B7 /* ViewController.swift in Sources */ = {isa = PBXBuildFile; fileRef = FAF6478523E1C96E006C12B7 /* ViewController.swift */; };
		FAF6478923E1C96E006C12B7 /* Main.storyboard in Resources */ = {isa = PBXBuildFile; fileRef = FAF6478723E1C96E006C12B7 /* Main.storyboard */; };
		FAF6478B23E1C96F006C12B7 /* Assets.xcassets in Resources */ = {isa = PBXBuildFile; fileRef = FAF6478A23E1C96F006C12B7 /* Assets.xcassets */; };
		FAF6478E23E1C96F006C12B7 /* LaunchScreen.storyboard in Resources */ = {isa = PBXBuildFile; fileRef = FAF6478C23E1C96F006C12B7 /* LaunchScreen.storyboard */; };
		FAF6479923E1C96F006C12B7 /* WebViewTests.swift in Sources */ = {isa = PBXBuildFile; fileRef = FAF6479823E1C96F006C12B7 /* WebViewTests.swift */; };
		FAF647A423E1C96F006C12B7 /* WebViewUITests.swift in Sources */ = {isa = PBXBuildFile; fileRef = FAF647A323E1C96F006C12B7 /* WebViewUITests.swift */; };
/* End PBXBuildFile section */

/* Begin PBXContainerItemProxy section */
		FAF6479523E1C96F006C12B7 /* PBXContainerItemProxy */ = {
			isa = PBXContainerItemProxy;
			containerPortal = FAF6477623E1C96E006C12B7 /* Project object */;
			proxyType = 1;
			remoteGlobalIDString = FAF6477D23E1C96E006C12B7;
			remoteInfo = WebView;
		};
		FAF647A023E1C96F006C12B7 /* PBXContainerItemProxy */ = {
			isa = PBXContainerItemProxy;
			containerPortal = FAF6477623E1C96E006C12B7 /* Project object */;
			proxyType = 1;
			remoteGlobalIDString = FAF6477D23E1C96E006C12B7;
			remoteInfo = WebView;
		};
/* End PBXContainerItemProxy section */

/* Begin PBXFileReference section */
		FAF6477E23E1C96E006C12B7 /* WebView.app */ = {isa = PBXFileReference; explicitFileType = wrapper.application; includeInIndex = 0; path = WebView.app; sourceTree = BUILT_PRODUCTS_DIR; };
		FAF6478123E1C96E006C12B7 /* AppDelegate.swift */ = {isa = PBXFileReference; lastKnownFileType = sourcecode.swift; path = AppDelegate.swift; sourceTree = "<group>"; };
		FAF6478323E1C96E006C12B7 /* SceneDelegate.swift */ = {isa = PBXFileReference; lastKnownFileType = sourcecode.swift; path = SceneDelegate.swift; sourceTree = "<group>"; };
		FAF6478523E1C96E006C12B7 /* ViewController.swift */ = {isa = PBXFileReference; lastKnownFileType = sourcecode.swift; path = ViewController.swift; sourceTree = "<group>"; };
		FAF6478823E1C96E006C12B7 /* Base */ = {isa = PBXFileReference; lastKnownFileType = file.storyboard; name = Base; path = Base.lproj/Main.storyboard; sourceTree = "<group>"; };
		FAF6478A23E1C96F006C12B7 /* Assets.xcassets */ = {isa = PBXFileReference; lastKnownFileType = folder.assetcatalog; path = Assets.xcassets; sourceTree = "<group>"; };
		FAF6478D23E1C96F006C12B7 /* Base */ = {isa = PBXFileReference; lastKnownFileType = file.storyboard; name = Base; path = Base.lproj/LaunchScreen.storyboard; sourceTree = "<group>"; };
		FAF6478F23E1C96F006C12B7 /* Info.plist */ = {isa = PBXFileReference; lastKnownFileType = text.plist.xml; path = Info.plist; sourceTree = "<group>"; };
		FAF6479423E1C96F006C12B7 /* WebViewTests.xctest */ = {isa = PBXFileReference; explicitFileType = wrapper.cfbundle; includeInIndex = 0; path = WebViewTests.xctest; sourceTree = BUILT_PRODUCTS_DIR; };
		FAF6479823E1C96F006C12B7 /* WebViewTests.swift */ = {isa = PBXFileReference; lastKnownFileType = sourcecode.swift; path = WebViewTests.swift; sourceTree = "<group>"; };
		FAF6479A23E1C96F006C12B7 /* Info.plist */ = {isa = PBXFileReference; lastKnownFileType = text.plist.xml; path = Info.plist; sourceTree = "<group>"; };
		FAF6479F23E1C96F006C12B7 /* WebViewUITests.xctest */ = {isa = PBXFileReference; explicitFileType = wrapper.cfbundle; includeInIndex = 0; path = WebViewUITests.xctest; sourceTree = BUILT_PRODUCTS_DIR; };
		FAF647A323E1C96F006C12B7 /* WebViewUITests.swift */ = {isa = PBXFileReference; lastKnownFileType = sourcecode.swift; path = WebViewUITests.swift; sourceTree = "<group>"; };
		FAF647A523E1C96F006C12B7 /* Info.plist */ = {isa = PBXFileReference; lastKnownFileType = text.plist.xml; path = Info.plist; sourceTree = "<group>"; };
/* End PBXFileReference section */

/* Begin PBXFrameworksBuildPhase section */
		FAF6477B23E1C96E006C12B7 /* Frameworks */ = {
			isa = PBXFrameworksBuildPhase;
			buildActionMask = 2147483647;
			files = (
			);
			runOnlyForDeploymentPostprocessing = 0;
		};
		FAF6479123E1C96F006C12B7 /* Frameworks */ = {
			isa = PBXFrameworksBuildPhase;
			buildActionMask = 2147483647;
			files = (
			);
			runOnlyForDeploymentPostprocessing = 0;
		};
		FAF6479C23E1C96F006C12B7 /* Frameworks */ = {
			isa = PBXFrameworksBuildPhase;
			buildActionMask = 2147483647;
			files = (
			);
			runOnlyForDeploymentPostprocessing = 0;
		};
/* End PBXFrameworksBuildPhase section */

/* Begin PBXGroup section */
		FAF6477523E1C96E006C12B7 = {
			isa = PBXGroup;
			children = (
				FAF6478023E1C96E006C12B7 /* WebView */,
				FAF6479723E1C96F006C12B7 /* WebViewTests */,
				FAF647A223E1C96F006C12B7 /* WebViewUITests */,
				FAF6477F23E1C96E006C12B7 /* Products */,
			);
			sourceTree = "<group>";
		};
		FAF6477F23E1C96E006C12B7 /* Products */ = {
			isa = PBXGroup;
			children = (
				FAF6477E23E1C96E006C12B7 /* WebView.app */,
				FAF6479423E1C96F006C12B7 /* WebViewTests.xctest */,
				FAF6479F23E1C96F006C12B7 /* WebViewUITests.xctest */,
			);
			name = Products;
			sourceTree = "<group>";
		};
		FAF6478023E1C96E006C12B7 /* WebView */ = {
			isa = PBXGroup;
			children = (
				FAF6478123E1C96E006C12B7 /* AppDelegate.swift */,
				FAF6478323E1C96E006C12B7 /* SceneDelegate.swift */,
				FAF6478523E1C96E006C12B7 /* ViewController.swift */,
				FAF6478723E1C96E006C12B7 /* Main.storyboard */,
				FAF6478A23E1C96F006C12B7 /* Assets.xcassets */,
				FAF6478C23E1C96F006C12B7 /* LaunchScreen.storyboard */,
				FAF6478F23E1C96F006C12B7 /* Info.plist */,
			);
			path = WebView;
			sourceTree = "<group>";
		};
		FAF6479723E1C96F006C12B7 /* WebViewTests */ = {
			isa = PBXGroup;
			children = (
				FAF6479823E1C96F006C12B7 /* WebViewTests.swift */,
				FAF6479A23E1C96F006C12B7 /* Info.plist */,
			);
			path = WebViewTests;
			sourceTree = "<group>";
		};
		FAF647A223E1C96F006C12B7 /* WebViewUITests */ = {
			isa = PBXGroup;
			children = (
				FAF647A323E1C96F006C12B7 /* WebViewUITests.swift */,
				FAF647A523E1C96F006C12B7 /* Info.plist */,
			);
			path = WebViewUITests;
			sourceTree = "<group>";
		};
/* End PBXGroup section */

/* Begin PBXNativeTarget section */
		FAF6477D23E1C96E006C12B7 /* WebView */ = {
			isa = PBXNativeTarget;
			buildConfigurationList = FAF647A823E1C96F006C12B7 /* Build configuration list for PBXNativeTarget "WebView" */;
			buildPhases = (
				FAF6477A23E1C96E006C12B7 /* Sources */,
				FAF6477B23E1C96E006C12B7 /* Frameworks */,
				FAF6477C23E1C96E006C12B7 /* Resources */,
			);
			buildRules = (
			);
			dependencies = (
			);
			name = WebView;
			productName = WebView;
			productReference = FAF6477E23E1C96E006C12B7 /* WebView.app */;
			productType = "com.apple.product-type.application";
		};
		FAF6479323E1C96F006C12B7 /* WebViewTests */ = {
			isa = PBXNativeTarget;
			buildConfigurationList = FAF647AB23E1C96F006C12B7 /* Build configuration list for PBXNativeTarget "WebViewTests" */;
			buildPhases = (
				FAF6479023E1C96F006C12B7 /* Sources */,
				FAF6479123E1C96F006C12B7 /* Frameworks */,
				FAF6479223E1C96F006C12B7 /* Resources */,
			);
			buildRules = (
			);
			dependencies = (
				FAF6479623E1C96F006C12B7 /* PBXTargetDependency */,
			);
			name = WebViewTests;
			productName = WebViewTests;
			productReference = FAF6479423E1C96F006C12B7 /* WebViewTests.xctest */;
			productType = "com.apple.product-type.bundle.unit-test";
		};
		FAF6479E23E1C96F006C12B7 /* WebViewUITests */ = {
			isa = PBXNativeTarget;
			buildConfigurationList = FAF647AE23E1C96F006C12B7 /* Build configuration list for PBXNativeTarget "WebViewUITests" */;
			buildPhases = (
				FAF6479B23E1C96F006C12B7 /* Sources */,
				FAF6479C23E1C96F006C12B7 /* Frameworks */,
				FAF6479D23E1C96F006C12B7 /* Resources */,
			);
			buildRules = (
			);
			dependencies = (
				FAF647A123E1C96F006C12B7 /* PBXTargetDependency */,
			);
			name = WebViewUITests;
			productName = WebViewUITests;
			productReference = FAF6479F23E1C96F006C12B7 /* WebViewUITests.xctest */;
			productType = "com.apple.product-type.bundle.ui-testing";
		};
/* End PBXNativeTarget section */

/* Begin PBXProject section */
		FAF6477623E1C96E006C12B7 /* Project object */ = {
			isa = PBXProject;
			attributes = {
				LastSwiftUpdateCheck = 1110;
				LastUpgradeCheck = 1110;
				ORGANIZATIONNAME = gadou;
				TargetAttributes = {
					FAF6477D23E1C96E006C12B7 = {
						CreatedOnToolsVersion = 11.1;
					};
					FAF6479323E1C96F006C12B7 = {
						CreatedOnToolsVersion = 11.1;
						TestTargetID = FAF6477D23E1C96E006C12B7;
					};
					FAF6479E23E1C96F006C12B7 = {
						CreatedOnToolsVersion = 11.1;
						TestTargetID = FAF6477D23E1C96E006C12B7;
					};
				};
			};
			buildConfigurationList = FAF6477923E1C96E006C12B7 /* Build configuration list for PBXProject "WebView" */;
			compatibilityVersion = "Xcode 9.3";
			developmentRegion = en;
			hasScannedForEncodings = 0;
			knownRegions = (
				en,
				Base,
			);
			mainGroup = FAF6477523E1C96E006C12B7;
			productRefGroup = FAF6477F23E1C96E006C12B7 /* Products */;
			projectDirPath = "";
			projectRoot = "";
			targets = (
				FAF6477D23E1C96E006C12B7 /* WebView */,
				FAF6479323E1C96F006C12B7 /* WebViewTests */,
				FAF6479E23E1C96F006C12B7 /* WebViewUITests */,
			);
		};
/* End PBXProject section */

/* Begin PBXResourcesBuildPhase section */
		FAF6477C23E1C96E006C12B7 /* Resources */ = {
			isa = PBXResourcesBuildPhase;
			buildActionMask = 2147483647;
			files = (
				FAF6478E23E1C96F006C12B7 /* LaunchScreen.storyboard in Resources */,
				FAF6478B23E1C96F006C12B7 /* Assets.xcassets in Resources */,
				FAF6478923E1C96E006C12B7 /* Main.storyboard in Resources */,
			);
			runOnlyForDeploymentPostprocessing = 0;
		};
		FAF6479223E1C96F006C12B7 /* Resources */ = {
			isa = PBXResourcesBuildPhase;
			buildActionMask = 2147483647;
			files = (
			);
			runOnlyForDeploymentPostprocessing = 0;
		};
		FAF6479D23E1C96F006C12B7 /* Resources */ = {
			isa = PBXResourcesBuildPhase;
			buildActionMask = 2147483647;
			files = (
			);
			runOnlyForDeploymentPostprocessing = 0;
		};
/* End PBXResourcesBuildPhase section */

/* Begin PBXSourcesBuildPhase section */
		FAF6477A23E1C96E006C12B7 /* Sources */ = {
			isa = PBXSourcesBuildPhase;
			buildActionMask = 2147483647;
			files = (
				FAF6478623E1C96E006C12B7 /* ViewController.swift in Sources */,
				FAF6478223E1C96E006C12B7 /* AppDelegate.swift in Sources */,
				FAF6478423E1C96E006C12B7 /* SceneDelegate.swift in Sources */,
			);
			runOnlyForDeploymentPostprocessing = 0;
		};
		FAF6479023E1C96F006C12B7 /* Sources */ = {
			isa = PBXSourcesBuildPhase;
			buildActionMask = 2147483647;
			files = (
				FAF6479923E1C96F006C12B7 /* WebViewTests.swift in Sources */,
			);
			runOnlyForDeploymentPostprocessing = 0;
		};
		FAF6479B23E1C96F006C12B7 /* Sources */ = {
			isa = PBXSourcesBuildPhase;
			buildActionMask = 2147483647;
			files = (
				FAF647A423E1C96F006C12B7 /* WebViewUITests.swift in Sources */,
			);
			runOnlyForDeploymentPostprocessing = 0;
		};
/* End PBXSourcesBuildPhase section */

/* Begin PBXTargetDependency section */
		FAF6479623E1C96F006C12B7 /* PBXTargetDependency */ = {
			isa = PBXTargetDependency;
			target = FAF6477D23E1C96E006C12B7 /* WebView */;
			targetProxy = FAF6479523E1C96F006C12B7 /* PBXContainerItemProxy */;
		};
		FAF647A123E1C96F006C12B7 /* PBXTargetDependency */ = {
			isa = PBXTargetDependency;
			target = FAF6477D23E1C96E006C12B7 /* WebView */;
			targetProxy = FAF647A023E1C96F006C12B7 /* PBXContainerItemProxy */;
		};
/* End PBXTargetDependency section */

/* Begin PBXVariantGroup section */
		FAF6478723E1C96E006C12B7 /* Main.storyboard */ = {
			isa = PBXVariantGroup;
			children = (
				FAF6478823E1C96E006C12B7 /* Base */,
			);
			name = Main.storyboard;
			sourceTree = "<group>";
		};
		FAF6478C23E1C96F006C12B7 /* LaunchScreen.storyboard */ = {
			isa = PBXVariantGroup;
			children = (
				FAF6478D23E1C96F006C12B7 /* Base */,
			);
			name = LaunchScreen.storyboard;
			sourceTree = "<group>";
		};
/* End PBXVariantGroup section */

/* Begin XCBuildConfiguration section */
		FAF647A623E1C96F006C12B7 /* Debug */ = {
			isa = XCBuildConfiguration;
			buildSettings = {
				ALWAYS_SEARCH_USER_PATHS = NO;
				CLANG_ANALYZER_NONNULL = YES;
				CLANG_ANALYZER_NUMBER_OBJECT_CONVERSION = YES_AGGRESSIVE;
				CLANG_CXX_LANGUAGE_STANDARD = "gnu++14";
				CLANG_CXX_LIBRARY = "libc++";
				CLANG_ENABLE_MODULES = YES;
				CLANG_ENABLE_OBJC_ARC = YES;
				CLANG_ENABLE_OBJC_WEAK = YES;
				CLANG_WARN_BLOCK_CAPTURE_AUTORELEASING = YES;
				CLANG_WARN_BOOL_CONVERSION = YES;
				CLANG_WARN_COMMA = YES;
				CLANG_WARN_CONSTANT_CONVERSION = YES;
				CLANG_WARN_DEPRECATED_OBJC_IMPLEMENTATIONS = YES;
				CLANG_WARN_DIRECT_OBJC_ISA_USAGE = YES_ERROR;
				CLANG_WARN_DOCUMENTATION_COMMENTS = YES;
				CLANG_WARN_EMPTY_BODY = YES;
				CLANG_WARN_ENUM_CONVERSION = YES;
				CLANG_WARN_INFINITE_RECURSION = YES;
				CLANG_WARN_INT_CONVERSION = YES;
				CLANG_WARN_NON_LITERAL_NULL_CONVERSION = YES;
				CLANG_WARN_OBJC_IMPLICIT_RETAIN_SELF = YES;
				CLANG_WARN_OBJC_LITERAL_CONVERSION = YES;
				CLANG_WARN_OBJC_ROOT_CLASS = YES_ERROR;
				CLANG_WARN_RANGE_LOOP_ANALYSIS = YES;
				CLANG_WARN_STRICT_PROTOTYPES = YES;
				CLANG_WARN_SUSPICIOUS_MOVE = YES;
				CLANG_WARN_UNGUARDED_AVAILABILITY = YES_AGGRESSIVE;
				CLANG_WARN_UNREACHABLE_CODE = YES;
				CLANG_WARN__DUPLICATE_METHOD_MATCH = YES;
				COPY_PHASE_STRIP = NO;
				DEBUG_INFORMATION_FORMAT = dwarf;
				ENABLE_STRICT_OBJC_MSGSEND = YES;
				ENABLE_TESTABILITY = YES;
				GCC_C_LANGUAGE_STANDARD = gnu11;
				GCC_DYNAMIC_NO_PIC = NO;
				GCC_NO_COMMON_BLOCKS = YES;
				GCC_OPTIMIZATION_LEVEL = 0;
				GCC_PREPROCESSOR_DEFINITIONS = (
					"DEBUG=1",
					"$(inherited)",
				);
				GCC_WARN_64_TO_32_BIT_CONVERSION = YES;
				GCC_WARN_ABOUT_RETURN_TYPE = YES_ERROR;
				GCC_WARN_UNDECLARED_SELECTOR = YES;
				GCC_WARN_UNINITIALIZED_AUTOS = YES_AGGRESSIVE;
				GCC_WARN_UNUSED_FUNCTION = YES;
				GCC_WARN_UNUSED_VARIABLE = YES;
				IPHONEOS_DEPLOYMENT_TARGET = 13.1;
				MTL_ENABLE_DEBUG_INFO = INCLUDE_SOURCE;
				MTL_FAST_MATH = YES;
				ONLY_ACTIVE_ARCH = YES;
				SDKROOT = iphoneos;
				SWIFT_ACTIVE_COMPILATION_CONDITIONS = DEBUG;
				SWIFT_OPTIMIZATION_LEVEL = "-Onone";
			};
			name = Debug;
		};
		FAF647A723E1C96F006C12B7 /* Release */ = {
			isa = XCBuildConfiguration;
			buildSettings = {
				ALWAYS_SEARCH_USER_PATHS = NO;
				CLANG_ANALYZER_NONNULL = YES;
				CLANG_ANALYZER_NUMBER_OBJECT_CONVERSION = YES_AGGRESSIVE;
				CLANG_CXX_LANGUAGE_STANDARD = "gnu++14";
				CLANG_CXX_LIBRARY = "libc++";
				CLANG_ENABLE_MODULES = YES;
				CLANG_ENABLE_OBJC_ARC = YES;
				CLANG_ENABLE_OBJC_WEAK = YES;
				CLANG_WARN_BLOCK_CAPTURE_AUTORELEASING = YES;
				CLANG_WARN_BOOL_CONVERSION = YES;
				CLANG_WARN_COMMA = YES;
				CLANG_WARN_CONSTANT_CONVERSION = YES;
				CLANG_WARN_DEPRECATED_OBJC_IMPLEMENTATIONS = YES;
				CLANG_WARN_DIRECT_OBJC_ISA_USAGE = YES_ERROR;
				CLANG_WARN_DOCUMENTATION_COMMENTS = YES;
				CLANG_WARN_EMPTY_BODY = YES;
				CLANG_WARN_ENUM_CONVERSION = YES;
				CLANG_WARN_INFINITE_RECURSION = YES;
				CLANG_WARN_INT_CONVERSION = YES;
				CLANG_WARN_NON_LITERAL_NULL_CONVERSION = YES;
				CLANG_WARN_OBJC_IMPLICIT_RETAIN_SELF = YES;
				CLANG_WARN_OBJC_LITERAL_CONVERSION = YES;
				CLANG_WARN_OBJC_ROOT_CLASS = YES_ERROR;
				CLANG_WARN_RANGE_LOOP_ANALYSIS = YES;
				CLANG_WARN_STRICT_PROTOTYPES = YES;
				CLANG_WARN_SUSPICIOUS_MOVE = YES;
				CLANG_WARN_UNGUARDED_AVAILABILITY = YES_AGGRESSIVE;
				CLANG_WARN_UNREACHABLE_CODE = YES;
				CLANG_WARN__DUPLICATE_METHOD_MATCH = YES;
				COPY_PHASE_STRIP = NO;
				DEBUG_INFORMATION_FORMAT = "dwarf-with-dsym";
				ENABLE_NS_ASSERTIONS = NO;
				ENABLE_STRICT_OBJC_MSGSEND = YES;
				GCC_C_LANGUAGE_STANDARD = gnu11;
				GCC_NO_COMMON_BLOCKS = YES;
				GCC_WARN_64_TO_32_BIT_CONVERSION = YES;
				GCC_WARN_ABOUT_RETURN_TYPE = YES_ERROR;
				GCC_WARN_UNDECLARED_SELECTOR = YES;
				GCC_WARN_UNINITIALIZED_AUTOS = YES_AGGRESSIVE;
				GCC_WARN_UNUSED_FUNCTION = YES;
				GCC_WARN_UNUSED_VARIABLE = YES;
				IPHONEOS_DEPLOYMENT_TARGET = 13.1;
				MTL_ENABLE_DEBUG_INFO = NO;
				MTL_FAST_MATH = YES;
				SDKROOT = iphoneos;
				SWIFT_COMPILATION_MODE = wholemodule;
				SWIFT_OPTIMIZATION_LEVEL = "-O";
				VALIDATE_PRODUCT = YES;
			};
			name = Release;
		};
		FAF647A923E1C96F006C12B7 /* Debug */ = {
			isa = XCBuildConfiguration;
			buildSettings = {
				ASSETCATALOG_COMPILER_APPICON_NAME = AppIcon;
				CODE_SIGN_STYLE = Automatic;
				INFOPLIST_FILE = WebView/Info.plist;
				LD_RUNPATH_SEARCH_PATHS = (
					"$(inherited)",
					"@executable_path/Frameworks",
				);
				PRODUCT_BUNDLE_IDENTIFIER = com.gadou.net.WebView;
				PRODUCT_NAME = "$(TARGET_NAME)";
				SWIFT_VERSION = 5.0;
				TARGETED_DEVICE_FAMILY = "1,2";
			};
			name = Debug;
		};
		FAF647AA23E1C96F006C12B7 /* Release */ = {
			isa = XCBuildConfiguration;
			buildSettings = {
				ASSETCATALOG_COMPILER_APPICON_NAME = AppIcon;
				CODE_SIGN_STYLE = Automatic;
				INFOPLIST_FILE = WebView/Info.plist;
				LD_RUNPATH_SEARCH_PATHS = (
					"$(inherited)",
					"@executable_path/Frameworks",
				);
				PRODUCT_BUNDLE_IDENTIFIER = com.gadou.net.WebView;
				PRODUCT_NAME = "$(TARGET_NAME)";
				SWIFT_VERSION = 5.0;
				TARGETED_DEVICE_FAMILY = "1,2";
			};
			name = Release;
		};
		FAF647AC23E1C96F006C12B7 /* Debug */ = {
			isa = XCBuildConfiguration;
			buildSettings = {
				ALWAYS_EMBED_SWIFT_STANDARD_LIBRARIES = YES;
				BUNDLE_LOADER = "$(TEST_HOST)";
				CODE_SIGN_STYLE = Automatic;
				INFOPLIST_FILE = WebViewTests/Info.plist;
				IPHONEOS_DEPLOYMENT_TARGET = 13.1;
				LD_RUNPATH_SEARCH_PATHS = (
					"$(inherited)",
					"@executable_path/Frameworks",
					"@loader_path/Frameworks",
				);
				PRODUCT_BUNDLE_IDENTIFIER = com.gadou.net.WebViewTests;
				PRODUCT_NAME = "$(TARGET_NAME)";
				SWIFT_VERSION = 5.0;
				TARGETED_DEVICE_FAMILY = "1,2";
				TEST_HOST = "$(BUILT_PRODUCTS_DIR)/WebView.app/WebView";
			};
			name = Debug;
		};
		FAF647AD23E1C96F006C12B7 /* Release */ = {
			isa = XCBuildConfiguration;
			buildSettings = {
				ALWAYS_EMBED_SWIFT_STANDARD_LIBRARIES = YES;
				BUNDLE_LOADER = "$(TEST_HOST)";
				CODE_SIGN_STYLE = Automatic;
				INFOPLIST_FILE = WebViewTests/Info.plist;
				IPHONEOS_DEPLOYMENT_TARGET = 13.1;
				LD_RUNPATH_SEARCH_PATHS = (
					"$(inherited)",
					"@executable_path/Frameworks",
					"@loader_path/Frameworks",
				);
				PRODUCT_BUNDLE_IDENTIFIER = com.gadou.net.WebViewTests;
				PRODUCT_NAME = "$(TARGET_NAME)";
				SWIFT_VERSION = 5.0;
				TARGETED_DEVICE_FAMILY = "1,2";
				TEST_HOST = "$(BUILT_PRODUCTS_DIR)/WebView.app/WebView";
			};
			name = Release;
		};
		FAF647AF23E1C96F006C12B7 /* Debug */ = {
			isa = XCBuildConfiguration;
			buildSettings = {
				ALWAYS_EMBED_SWIFT_STANDARD_LIBRARIES = YES;
				CODE_SIGN_STYLE = Automatic;
				INFOPLIST_FILE = WebViewUITests/Info.plist;
				LD_RUNPATH_SEARCH_PATHS = (
					"$(inherited)",
					"@executable_path/Frameworks",
					"@loader_path/Frameworks",
				);
				PRODUCT_BUNDLE_IDENTIFIER = com.gadou.net.WebViewUITests;
				PRODUCT_NAME = "$(TARGET_NAME)";
				SWIFT_VERSION = 5.0;
				TARGETED_DEVICE_FAMILY = "1,2";
				TEST_TARGET_NAME = WebView;
			};
			name = Debug;
		};
		FAF647B023E1C96F006C12B7 /* Release */ = {
			isa = XCBuildConfiguration;
			buildSettings = {
				ALWAYS_EMBED_SWIFT_STANDARD_LIBRARIES = YES;
				CODE_SIGN_STYLE = Automatic;
				INFOPLIST_FILE = WebViewUITests/Info.plist;
				LD_RUNPATH_SEARCH_PATHS = (
					"$(inherited)",
					"@executable_path/Frameworks",
					"@loader_path/Frameworks",
				);
				PRODUCT_BUNDLE_IDENTIFIER = com.gadou.net.WebViewUITests;
				PRODUCT_NAME = "$(TARGET_NAME)";
				SWIFT_VERSION = 5.0;
				TARGETED_DEVICE_FAMILY = "1,2";
				TEST_TARGET_NAME = WebView;
			};
			name = Release;
		};
/* End XCBuildConfiguration section */

/* Begin XCConfigurationList section */
		FAF6477923E1C96E006C12B7 /* Build configuration list for PBXProject "WebView" */ = {
			isa = XCConfigurationList;
			buildConfigurations = (
				FAF647A623E1C96F006C12B7 /* Debug */,
				FAF647A723E1C96F006C12B7 /* Release */,
			);
			defaultConfigurationIsVisible = 0;
			defaultConfigurationName = Release;
		};
		FAF647A823E1C96F006C12B7 /* Build configuration list for PBXNativeTarget "WebView" */ = {
			isa = XCConfigurationList;
			buildConfigurations = (
				FAF647A923E1C96F006C12B7 /* Debug */,
				FAF647AA23E1C96F006C12B7 /* Release */,
			);
			defaultConfigurationIsVisible = 0;
			defaultConfigurationName = Release;
		};
		FAF647AB23E1C96F006C12B7 /* Build configuration list for PBXNativeTarget "WebViewTests" */ = {
			isa = XCConfigurationList;
			buildConfigurations = (
				FAF647AC23E1C96F006C12B7 /* Debug */,
				FAF647AD23E1C96F006C12B7 /* Release */,
			);
			defaultConfigurationIsVisible = 0;
			defaultConfigurationName = Release;
		};
		FAF647AE23E1C96F006C12B7 /* Build configuration list for PBXNativeTarget "WebViewUITests" */ = {
			isa = XCConfigurationList;
			buildConfigurations = (
				FAF647AF23E1C96F006C12B7 /* Debug */,
				FAF647B023E1C96F006C12B7 /* Release */,
			);
			defaultConfigurationIsVisible = 0;
			defaultConfigurationName = Release;
		};
/* End XCConfigurationList section */
	};
	rootObject = FAF6477623E1C96E006C12B7 /* Project object */;
}
